
Microsoft Visual Studio Solution File, Format Version 12.00
# Visual Studio Version 16
VisualStudioVersion = 16.0.31729.503
MinimumVisualStudioVersion = 10.0.40219.1
Project("{9A19103F-16F7-4668-BE54-9A1E7A4F7556}") = "YAMS_MVC", "YAMS_MVC\YAMS_MVC.csproj", "{53EB5C62-EE01-4AE3-B531-736E0BF2E3CF}"
EndProject
Project("{9A19103F-16F7-4668-BE54-9A1E7A4F7556}") = "Y-API", "Y-API\Y-API.csproj", "{90E12DE5-203D-4DEC-9995-EE0BBBFF2823}"
EndProject
Project("{FAE04EC0-301F-11D3-BF4B-00C04F79EFBC}") = "Y-MVC", "Y-MVC\Y-MVC.csproj", "{97AD2597-6788-4555-8FDA-2050AA939B52}"
EndProject
Global
	GlobalSection(SolutionConfigurationPlatforms) = preSolution
		Debug|Any CPU = Debug|Any CPU
		Release|Any CPU = Release|Any CPU
	EndGlobalSection
	GlobalSection(ProjectConfigurationPlatforms) = postSolution
		{53EB5C62-EE01-4AE3-B531-736E0BF2E3CF}.Debug|Any CPU.ActiveCfg = Debug|Any CPU
		{53EB5C62-EE01-4AE3-B531-736E0BF2E3CF}.Debug|Any CPU.Build.0 = Debug|Any CPU
		{53EB5C62-EE01-4AE3-B531-736E0BF2E3CF}.Release|Any CPU.ActiveCfg = Release|Any CPU
		{53EB5C62-EE01-4AE3-B531-736E0BF2E3CF}.Release|Any CPU.Build.0 = Release|Any CPU
		{90E12DE5-203D-4DEC-9995-EE0BBBFF2823}.Debug|Any CPU.ActiveCfg = Debug|Any CPU
		{90E12DE5-203D-4DEC-9995-EE0BBBFF2823}.Debug|Any CPU.Build.0 = Debug|Any CPU
		{90E12DE5-203D-4DEC-9995-EE0BBBFF2823}.Release|Any CPU.ActiveCfg = Release|Any CPU
		{90E12DE5-203D-4DEC-9995-EE0BBBFF2823}.Release|Any CPU.Build.0 = Release|Any CPU
		{97AD2597-6788-4555-8FDA-2050AA939B52}.Debug|Any CPU.ActiveCfg = Debug|Any CPU
		{97AD2597-6788-4555-8FDA-2050AA939B52}.Debug|Any CPU.Build.0 = Debug|Any CPU
		{97AD2597-6788-4555-8FDA-2050AA939B52}.Release|Any CPU.ActiveCfg = Release|Any CPU
		{97AD2597-6788-4555-8FDA-2050AA939B52}.Release|Any CPU.Build.0 = Release|Any CPU
	EndGlobalSection
	GlobalSection(SolutionProperties) = preSolution
		HideSolutionNode = FALSE
	EndGlobalSection
	GlobalSection(ExtensibilityGlobals) = postSolution
		SolutionGuid = {ECFDC70A-A5C9-4881-A94D-1C657839009B}
	EndGlobalSection
EndGlobal
