
Microsoft Visual Studio Solution File, Format Version 12.00
# Visual Studio Version 16
VisualStudioVersion = 16.0.31729.503
MinimumVisualStudioVersion = 10.0.40219.1
Project("{9A19103F-16F7-4668-BE54-9A1E7A4F7556}") = "Y-API", "Y-API\Y-API.csproj", "{90E12DE5-203D-4DEC-9995-EE0BBBFF2823}"
EndProject
Project("{9A19103F-16F7-4668-BE54-9A1E7A4F7556}") = "Y-MVC", "Y-MVC\Y-MVC.csproj", "{97AD2597-6788-4555-8FDA-2050AA939B52}"
EndProject
Project("{9A19103F-16F7-4668-BE54-9A1E7A4F7556}") = "YAMS_Data", "DataLayer\YAMS_Data.csproj", "{C11A2069-87AA-4BA6-AD7D-D337FC7CDA37}"
EndProject
Project("{9A19103F-16F7-4668-BE54-9A1E7A4F7556}") = "YAMS_Logic", "LogicLayer\YAMS_Logic.csproj", "{7175109C-45FB-4D80-BD57-D8463570B0A7}"
EndProject
Project("{9A19103F-16F7-4668-BE54-9A1E7A4F7556}") = "YAMS_Repository", "RepositoryLayer\YAMS_Repository.csproj", "{EB4EFBE8-9CBC-4013-9E18-97A80CBF0763}"
EndProject
Project("{9A19103F-16F7-4668-BE54-9A1E7A4F7556}") = "YAMS_Interface", "YAMS_Interface\YAMS_Interface.csproj", "{8AABD76B-5F20-4742-89E3-382D928AB510}"
EndProject
Global
	GlobalSection(SolutionConfigurationPlatforms) = preSolution
		Debug|Any CPU = Debug|Any CPU
		Release|Any CPU = Release|Any CPU
	EndGlobalSection
	GlobalSection(ProjectConfigurationPlatforms) = postSolution
		{90E12DE5-203D-4DEC-9995-EE0BBBFF2823}.Debug|Any CPU.ActiveCfg = Debug|Any CPU
		{90E12DE5-203D-4DEC-9995-EE0BBBFF2823}.Debug|Any CPU.Build.0 = Debug|Any CPU
		{90E12DE5-203D-4DEC-9995-EE0BBBFF2823}.Release|Any CPU.ActiveCfg = Release|Any CPU
		{90E12DE5-203D-4DEC-9995-EE0BBBFF2823}.Release|Any CPU.Build.0 = Release|Any CPU
		{97AD2597-6788-4555-8FDA-2050AA939B52}.Debug|Any CPU.ActiveCfg = Debug|Any CPU
		{97AD2597-6788-4555-8FDA-2050AA939B52}.Debug|Any CPU.Build.0 = Debug|Any CPU
		{97AD2597-6788-4555-8FDA-2050AA939B52}.Release|Any CPU.ActiveCfg = Release|Any CPU
		{97AD2597-6788-4555-8FDA-2050AA939B52}.Release|Any CPU.Build.0 = Release|Any CPU
		{C11A2069-87AA-4BA6-AD7D-D337FC7CDA37}.Debug|Any CPU.ActiveCfg = Debug|Any CPU
		{C11A2069-87AA-4BA6-AD7D-D337FC7CDA37}.Debug|Any CPU.Build.0 = Debug|Any CPU
		{C11A2069-87AA-4BA6-AD7D-D337FC7CDA37}.Release|Any CPU.ActiveCfg = Release|Any CPU
		{C11A2069-87AA-4BA6-AD7D-D337FC7CDA37}.Release|Any CPU.Build.0 = Release|Any CPU
		{7175109C-45FB-4D80-BD57-D8463570B0A7}.Debug|Any CPU.ActiveCfg = Debug|Any CPU
		{7175109C-45FB-4D80-BD57-D8463570B0A7}.Debug|Any CPU.Build.0 = Debug|Any CPU
		{7175109C-45FB-4D80-BD57-D8463570B0A7}.Release|Any CPU.ActiveCfg = Release|Any CPU
		{7175109C-45FB-4D80-BD57-D8463570B0A7}.Release|Any CPU.Build.0 = Release|Any CPU
		{EB4EFBE8-9CBC-4013-9E18-97A80CBF0763}.Debug|Any CPU.ActiveCfg = Debug|Any CPU
		{EB4EFBE8-9CBC-4013-9E18-97A80CBF0763}.Debug|Any CPU.Build.0 = Debug|Any CPU
		{EB4EFBE8-9CBC-4013-9E18-97A80CBF0763}.Release|Any CPU.ActiveCfg = Release|Any CPU
		{EB4EFBE8-9CBC-4013-9E18-97A80CBF0763}.Release|Any CPU.Build.0 = Release|Any CPU
		{8AABD76B-5F20-4742-89E3-382D928AB510}.Debug|Any CPU.ActiveCfg = Debug|Any CPU
		{8AABD76B-5F20-4742-89E3-382D928AB510}.Debug|Any CPU.Build.0 = Debug|Any CPU
		{8AABD76B-5F20-4742-89E3-382D928AB510}.Release|Any CPU.ActiveCfg = Release|Any CPU
		{8AABD76B-5F20-4742-89E3-382D928AB510}.Release|Any CPU.Build.0 = Release|Any CPU
	EndGlobalSection
	GlobalSection(SolutionProperties) = preSolution
		HideSolutionNode = FALSE
	EndGlobalSection
	GlobalSection(ExtensibilityGlobals) = postSolution
		SolutionGuid = {ECFDC70A-A5C9-4881-A94D-1C657839009B}
	EndGlobalSection
EndGlobal
